
Microsoft Visual Studio Solution File, Format Version 12.00
# Visual Studio Version 17
VisualStudioVersion = 17.8.34309.116
MinimumVisualStudioVersion = 10.0.40219.1
Project("{FAE04EC0-301F-11D3-BF4B-00C04F79EFBC}") = "BuckshotRoulette", "BuckshotRoulette\BuckshotRoulette.csproj", "{96F393D8-85C7-4E65-B7B8-DC8DBED67BAD}"
EndProject
Global
	GlobalSection(SolutionConfigurationPlatforms) = preSolution
		Debug|Any CPU = Debug|Any CPU
		Release|Any CPU = Release|Any CPU
	EndGlobalSection
	GlobalSection(ProjectConfigurationPlatforms) = postSolution
		{96F393D8-85C7-4E65-B7B8-DC8DBED67BAD}.Debug|Any CPU.ActiveCfg = Debug|Any CPU
		{96F393D8-85C7-4E65-B7B8-DC8DBED67BAD}.Debug|Any CPU.Build.0 = Debug|Any CPU
		{96F393D8-85C7-4E65-B7B8-DC8DBED67BAD}.Release|Any CPU.ActiveCfg = Release|Any CPU
		{96F393D8-85C7-4E65-B7B8-DC8DBED67BAD}.Release|Any CPU.Build.0 = Release|Any CPU
	EndGlobalSection
	GlobalSection(SolutionProperties) = preSolution
		HideSolutionNode = FALSE
	EndGlobalSection
	GlobalSection(ExtensibilityGlobals) = postSolution
		SolutionGuid = {E1118B0B-02F5-42FA-ABBD-6C9FE9EA38A0}
	EndGlobalSection
EndGlobal
